
Microsoft Visual Studio Solution File, Format Version 12.00
# Visual Studio Version 16
VisualStudioVersion = 16.0.30011.22
MinimumVisualStudioVersion = 10.0.40219.1
Project("{FAE04EC0-301F-11D3-BF4B-00C04F79EFBC}") = "MaasPirimHesaplama", "MaasPirimHesaplama\MaasPirimHesaplama.csproj", "{9EA60718-C59B-40C7-B78A-31D06AC45C23}"
EndProject
Global
	GlobalSection(SolutionConfigurationPlatforms) = preSolution
		Debug|Any CPU = Debug|Any CPU
		Release|Any CPU = Release|Any CPU
	EndGlobalSection
	GlobalSection(ProjectConfigurationPlatforms) = postSolution
		{9EA60718-C59B-40C7-B78A-31D06AC45C23}.Debug|Any CPU.ActiveCfg = Debug|Any CPU
		{9EA60718-C59B-40C7-B78A-31D06AC45C23}.Debug|Any CPU.Build.0 = Debug|Any CPU
		{9EA60718-C59B-40C7-B78A-31D06AC45C23}.Release|Any CPU.ActiveCfg = Release|Any CPU
		{9EA60718-C59B-40C7-B78A-31D06AC45C23}.Release|Any CPU.Build.0 = Release|Any CPU
	EndGlobalSection
	GlobalSection(SolutionProperties) = preSolution
		HideSolutionNode = FALSE
	EndGlobalSection
	GlobalSection(ExtensibilityGlobals) = postSolution
		SolutionGuid = {5DEF0D22-DE56-4B36-8A92-1AE3389D4874}
	EndGlobalSection
EndGlobal
